{
  "requires": true,
  "lockfileVersion": 1,
  "dependencies": {
    "sudoku-gen": {
      "version": "1.0.0",
      "resolved": "https://registry.npmjs.org/sudoku-gen/-/sudoku-gen-1.0.0.tgz",
      "integrity": "sha512-mqYlD/bNy8rgyt3N98+aRezeN580IbcaTLpmqkX5WePDObqCvZ+0skIn+I8d3ijcEA/ftt10/a6qQXsnkYWYTQ=="
    }
  }
}
